// !$*UTF8*$!
{
	archiveVersion = 1;
	classes = {
	};
	objectVersion = 46;
	objects = {

/* Begin PBXBuildFile section */
		B2C2A2381ECF2B3100645EAD /* SpeechRecognitionViewController.swift in Sources */ = {isa = PBXBuildFile; fileRef = B2C2A2371ECF2B3100645EAD /* SpeechRecognitionViewController.swift */; };
		B2D3C5131D27ED2700D1F399 /* AppDelegate.swift in Sources */ = {isa = PBXBuildFile; fileRef = B2D3C5121D27ED2700D1F399 /* AppDelegate.swift */; };
		B2D3C5151D27ED2700D1F399 /* ViewController.swift in Sources */ = {isa = PBXBuildFile; fileRef = B2D3C5141D27ED2700D1F399 /* ViewController.swift */; };
		B2D3C5181D27ED2700D1F399 /* Main.storyboard in Resources */ = {isa = PBXBuildFile; fileRef = B2D3C5161D27ED2700D1F399 /* Main.storyboard */; };
		B2D3C51A1D27ED2800D1F399 /* Assets.xcassets in Resources */ = {isa = PBXBuildFile; fileRef = B2D3C5191D27ED2800D1F399 /* Assets.xcassets */; };
		B2D3C51D1D27ED2800D1F399 /* LaunchScreen.storyboard in Resources */ = {isa = PBXBuildFile; fileRef = B2D3C51B1D27ED2800D1F399 /* LaunchScreen.storyboard */; };
		B2D3C5251D27EE0200D1F399 /* CountLabel.swift in Sources */ = {isa = PBXBuildFile; fileRef = B2D3C5241D27EE0200D1F399 /* CountLabel.swift */; };
/* End PBXBuildFile section */

/* Begin PBXFileReference section */
		B2C2A2371ECF2B3100645EAD /* SpeechRecognitionViewController.swift */ = {isa = PBXFileReference; fileEncoding = 4; lastKnownFileType = sourcecode.swift; path = SpeechRecognitionViewController.swift; sourceTree = "<group>"; };
		B2D3C50F1D27ED2700D1F399 /* SwiftDemo.app */ = {isa = PBXFileReference; explicitFileType = wrapper.application; includeInIndex = 0; path = SwiftDemo.app; sourceTree = BUILT_PRODUCTS_DIR; };
		B2D3C5121D27ED2700D1F399 /* AppDelegate.swift */ = {isa = PBXFileReference; lastKnownFileType = sourcecode.swift; path = AppDelegate.swift; sourceTree = "<group>"; };
		B2D3C5141D27ED2700D1F399 /* ViewController.swift */ = {isa = PBXFileReference; lastKnownFileType = sourcecode.swift; path = ViewController.swift; sourceTree = "<group>"; };
		B2D3C5171D27ED2700D1F399 /* Base */ = {isa = PBXFileReference; lastKnownFileType = file.storyboard; name = Base; path = Base.lproj/Main.storyboard; sourceTree = "<group>"; };
		B2D3C5191D27ED2800D1F399 /* Assets.xcassets */ = {isa = PBXFileReference; lastKnownFileType = folder.assetcatalog; path = Assets.xcassets; sourceTree = "<group>"; };
		B2D3C51C1D27ED2800D1F399 /* Base */ = {isa = PBXFileReference; lastKnownFileType = file.storyboard; name = Base; path = Base.lproj/LaunchScreen.storyboard; sourceTree = "<group>"; };
		B2D3C51E1D27ED2800D1F399 /* Info.plist */ = {isa = PBXFileReference; lastKnownFileType = text.plist.xml; path = Info.plist; sourceTree = "<group>"; };
		B2D3C5241D27EE0200D1F399 /* CountLabel.swift */ = {isa = PBXFileReference; fileEncoding = 4; lastKnownFileType = sourcecode.swift; path = CountLabel.swift; sourceTree = "<group>"; };
/* End PBXFileReference section */

/* Begin PBXFrameworksBuildPhase section */
		B2D3C50C1D27ED2700D1F399 /* Frameworks */ = {
			isa = PBXFrameworksBuildPhase;
			buildActionMask = 2147483647;
			files = (
			);
			runOnlyForDeploymentPostprocessing = 0;
		};
/* End PBXFrameworksBuildPhase section */

/* Begin PBXGroup section */
		B2D3C5061D27ED2700D1F399 = {
			isa = PBXGroup;
			children = (
				B2D3C5111D27ED2700D1F399 /* SwiftDemo */,
				B2D3C5101D27ED2700D1F399 /* Products */,
			);
			sourceTree = "<group>";
		};
		B2D3C5101D27ED2700D1F399 /* Products */ = {
			isa = PBXGroup;
			children = (
				B2D3C50F1D27ED2700D1F399 /* SwiftDemo.app */,
			);
			name = Products;
			sourceTree = "<group>";
		};
		B2D3C5111D27ED2700D1F399 /* SwiftDemo */ = {
			isa = PBXGroup;
			children = (
				B2D3C5121D27ED2700D1F399 /* AppDelegate.swift */,
				B2C2A2371ECF2B3100645EAD /* SpeechRecognitionViewController.swift */,
				B2D3C5141D27ED2700D1F399 /* ViewController.swift */,
				B2D3C5161D27ED2700D1F399 /* Main.storyboard */,
				B2D3C5191D27ED2800D1F399 /* Assets.xcassets */,
				B2D3C51B1D27ED2800D1F399 /* LaunchScreen.storyboard */,
				B2D3C51E1D27ED2800D1F399 /* Info.plist */,
				B2D3C5241D27EE0200D1F399 /* CountLabel.swift */,
			);
			path = SwiftDemo;
			sourceTree = "<group>";
		};
/* End PBXGroup section */

/* Begin PBXNativeTarget section */
		B2D3C50E1D27ED2700D1F399 /* SwiftDemo */ = {
			isa = PBXNativeTarget;
			buildConfigurationList = B2D3C5211D27ED2800D1F399 /* Build configuration list for PBXNativeTarget "SwiftDemo" */;
			buildPhases = (
				B2D3C50B1D27ED2700D1F399 /* Sources */,
				B2D3C50C1D27ED2700D1F399 /* Frameworks */,
				B2D3C50D1D27ED2700D1F399 /* Resources */,
			);
			buildRules = (
			);
			dependencies = (
			);
			name = SwiftDemo;
			productName = SwiftDemo;
			productReference = B2D3C50F1D27ED2700D1F399 /* SwiftDemo.app */;
			productType = "com.apple.product-type.application";
		};
/* End PBXNativeTarget section */

/* Begin PBXProject section */
		B2D3C5071D27ED2700D1F399 /* Project object */ = {
			isa = PBXProject;
			attributes = {
				LastSwiftUpdateCheck = 0730;
				LastUpgradeCheck = 0730;
				ORGANIZATIONNAME = Yahoo;
				TargetAttributes = {
					B2D3C50E1D27ED2700D1F399 = {
						CreatedOnToolsVersion = 7.3.1;
						DevelopmentTeam = 4X28C7C3VS;
						LastSwiftMigration = 0830;
					};
				};
			};
			buildConfigurationList = B2D3C50A1D27ED2700D1F399 /* Build configuration list for PBXProject "SwiftDemo" */;
			compatibilityVersion = "Xcode 3.2";
			developmentRegion = English;
			hasScannedForEncodings = 0;
			knownRegions = (
				en,
				Base,
			);
			mainGroup = B2D3C5061D27ED2700D1F399;
			productRefGroup = B2D3C5101D27ED2700D1F399 /* Products */;
			projectDirPath = "";
			projectRoot = "";
			targets = (
				B2D3C50E1D27ED2700D1F399 /* SwiftDemo */,
			);
		};
/* End PBXProject section */

/* Begin PBXResourcesBuildPhase section */
		B2D3C50D1D27ED2700D1F399 /* Resources */ = {
			isa = PBXResourcesBuildPhase;
			buildActionMask = 2147483647;
			files = (
				B2D3C51D1D27ED2800D1F399 /* LaunchScreen.storyboard in Resources */,
				B2D3C51A1D27ED2800D1F399 /* Assets.xcassets in Resources */,
				B2D3C5181D27ED2700D1F399 /* Main.storyboard in Resources */,
			);
			runOnlyForDeploymentPostprocessing = 0;
		};
/* End PBXResourcesBuildPhase section */

/* Begin PBXSourcesBuildPhase section */
		B2D3C50B1D27ED2700D1F399 /* Sources */ = {
			isa = PBXSourcesBuildPhase;
			buildActionMask = 2147483647;
			files = (
				B2C2A2381ECF2B3100645EAD /* SpeechRecognitionViewController.swift in Sources */,
				B2D3C5251D27EE0200D1F399 /* CountLabel.swift in Sources */,
				B2D3C5151D27ED2700D1F399 /* ViewController.swift in Sources */,
				B2D3C5131D27ED2700D1F399 /* AppDelegate.swift in Sources */,
			);
			runOnlyForDeploymentPostprocessing = 0;
		};
/* End PBXSourcesBuildPhase section */

/* Begin PBXVariantGroup section */
		B2D3C5161D27ED2700D1F399 /* Main.storyboard */ = {
			isa = PBXVariantGroup;
			children = (
				B2D3C5171D27ED2700D1F399 /* Base */,
			);
			name = Main.storyboard;
			sourceTree = "<group>";
		};
		B2D3C51B1D27ED2800D1F399 /* LaunchScreen.storyboard */ = {
			isa = PBXVariantGroup;
			children = (
				B2D3C51C1D27ED2800D1F399 /* Base */,
			);
			name = LaunchScreen.storyboard;
			sourceTree = "<group>";
		};
/* End PBXVariantGroup section */

/* Begin XCBuildConfiguration section */
		B2D3C51F1D27ED2800D1F399 /* Debug */ = {
			isa = XCBuildConfiguration;
			buildSettings = {
				ALWAYS_SEARCH_USER_PATHS = NO;
				CLANG_ANALYZER_NONNULL = YES;
				CLANG_CXX_LANGUAGE_STANDARD = "gnu++0x";
				CLANG_CXX_LIBRARY = "libc++";
				CLANG_ENABLE_MODULES = YES;
				CLANG_ENABLE_OBJC_ARC = YES;
				CLANG_WARN_BOOL_CONVERSION = YES;
				CLANG_WARN_CONSTANT_CONVERSION = YES;
				CLANG_WARN_DIRECT_OBJC_ISA_USAGE = YES_ERROR;
				CLANG_WARN_EMPTY_BODY = YES;
				CLANG_WARN_ENUM_CONVERSION = YES;
				CLANG_WARN_INT_CONVERSION = YES;
				CLANG_WARN_OBJC_ROOT_CLASS = YES_ERROR;
				CLANG_WARN_UNREACHABLE_CODE = YES;
				CLANG_WARN__DUPLICATE_METHOD_MATCH = YES;
				"CODE_SIGN_IDENTITY[sdk=iphoneos*]" = "iPhone Developer";
				COPY_PHASE_STRIP = NO;
				DEBUG_INFORMATION_FORMAT = dwarf;
				ENABLE_STRICT_OBJC_MSGSEND = YES;
				ENABLE_TESTABILITY = YES;
				GCC_C_LANGUAGE_STANDARD = gnu99;
				GCC_DYNAMIC_NO_PIC = NO;
				GCC_NO_COMMON_BLOCKS = YES;
				GCC_OPTIMIZATION_LEVEL = 0;
				GCC_PREPROCESSOR_DEFINITIONS = (
					"DEBUG=1",
					"$(inherited)",
				);
				GCC_WARN_64_TO_32_BIT_CONVERSION = YES;
				GCC_WARN_ABOUT_RETURN_TYPE = YES_ERROR;
				GCC_WARN_UNDECLARED_SELECTOR = YES;
				GCC_WARN_UNINITIALIZED_AUTOS = YES_AGGRESSIVE;
				GCC_WARN_UNUSED_FUNCTION = YES;
				GCC_WARN_UNUSED_VARIABLE = YES;
				IPHONEOS_DEPLOYMENT_TARGET = 9.3;
				MTL_ENABLE_DEBUG_INFO = YES;
				ONLY_ACTIVE_ARCH = YES;
				SDKROOT = iphoneos;
				SWIFT_OPTIMIZATION_LEVEL = "-Onone";
			};
			name = Debug;
		};
		B2D3C5201D27ED2800D1F399 /* Release */ = {
			isa = XCBuildConfiguration;
			buildSettings = {
				ALWAYS_SEARCH_USER_PATHS = NO;
				CLANG_ANALYZER_NONNULL = YES;
				CLANG_CXX_LANGUAGE_STANDARD = "gnu++0x";
				CLANG_CXX_LIBRARY = "libc++";
				CLANG_ENABLE_MODULES = YES;
				CLANG_ENABLE_OBJC_ARC = YES;
				CLANG_WARN_BOOL_CONVERSION = YES;
				CLANG_WARN_CONSTANT_CONVERSION = YES;
				CLANG_WARN_DIRECT_OBJC_ISA_USAGE = YES_ERROR;
				CLANG_WARN_EMPTY_BODY = YES;
				CLANG_WARN_ENUM_CONVERSION = YES;
				CLANG_WARN_INT_CONVERSION = YES;
				CLANG_WARN_OBJC_ROOT_CLASS = YES_ERROR;
				CLANG_WARN_UNREACHABLE_CODE = YES;
				CLANG_WARN__DUPLICATE_METHOD_MATCH = YES;
				"CODE_SIGN_IDENTITY[sdk=iphoneos*]" = "iPhone Developer";
				COPY_PHASE_STRIP = NO;
				DEBUG_INFORMATION_FORMAT = "dwarf-with-dsym";
				ENABLE_NS_ASSERTIONS = NO;
				ENABLE_STRICT_OBJC_MSGSEND = YES;
				GCC_C_LANGUAGE_STANDARD = gnu99;
				GCC_NO_COMMON_BLOCKS = YES;
				GCC_WARN_64_TO_32_BIT_CONVERSION = YES;
				GCC_WARN_ABOUT_RETURN_TYPE = YES_ERROR;
				GCC_WARN_UNDECLARED_SELECTOR = YES;
				GCC_WARN_UNINITIALIZED_AUTOS = YES_AGGRESSIVE;
				GCC_WARN_UNUSED_FUNCTION = YES;
				GCC_WARN_UNUSED_VARIABLE = YES;
				IPHONEOS_DEPLOYMENT_TARGET = 9.3;
				MTL_ENABLE_DEBUG_INFO = NO;
				SDKROOT = iphoneos;
				VALIDATE_PRODUCT = YES;
			};
			name = Release;
		};
		B2D3C5221D27ED2800D1F399 /* Debug */ = {
			isa = XCBuildConfiguration;
			buildSettings = {
				ASSETCATALOG_COMPILER_APPICON_NAME = AppIcon;
				DEVELOPMENT_TEAM = 4X28C7C3VS;
				INFOPLIST_FILE = SwiftDemo/Info.plist;
				IPHONEOS_DEPLOYMENT_TARGET = 10.0;
				LD_RUNPATH_SEARCH_PATHS = "$(inherited) @executable_path/Frameworks";
				PRODUCT_BUNDLE_IDENTIFIER = com.yahoo.SwiftDemo;
				PRODUCT_NAME = "$(TARGET_NAME)";
				SWIFT_VERSION = 3.0;
			};
			name = Debug;
		};
		B2D3C5231D27ED2800D1F399 /* Release */ = {
			isa = XCBuildConfiguration;
			buildSettings = {
				ASSETCATALOG_COMPILER_APPICON_NAME = AppIcon;
				DEVELOPMENT_TEAM = 4X28C7C3VS;
				INFOPLIST_FILE = SwiftDemo/Info.plist;
				IPHONEOS_DEPLOYMENT_TARGET = 10.0;
				LD_RUNPATH_SEARCH_PATHS = "$(inherited) @executable_path/Frameworks";
				PRODUCT_BUNDLE_IDENTIFIER = com.yahoo.SwiftDemo;
				PRODUCT_NAME = "$(TARGET_NAME)";
				SWIFT_VERSION = 3.0;
			};
			name = Release;
		};
/* End XCBuildConfiguration section */

/* Begin XCConfigurationList section */
		B2D3C50A1D27ED2700D1F399 /* Build configuration list for PBXProject "SwiftDemo" */ = {
			isa = XCConfigurationList;
			buildConfigurations = (
				B2D3C51F1D27ED2800D1F399 /* Debug */,
				B2D3C5201D27ED2800D1F399 /* Release */,
			);
			defaultConfigurationIsVisible = 0;
			defaultConfigurationName = Release;
		};
		B2D3C5211D27ED2800D1F399 /* Build configuration list for PBXNativeTarget "SwiftDemo" */ = {
			isa = XCConfigurationList;
			buildConfigurations = (
				B2D3C5221D27ED2800D1F399 /* Debug */,
				B2D3C5231D27ED2800D1F399 /* Release */,
			);
			defaultConfigurationIsVisible = 0;
			defaultConfigurationName = Release;
		};
/* End XCConfigurationList section */
	};
	rootObject = B2D3C5071D27ED2700D1F399 /* Project object */;
}
